
Microsoft Visual Studio Solution File, Format Version 12.00
# Visual Studio Version 16
VisualStudioVersion = 16.0.32901.82
MinimumVisualStudioVersion = 10.0.40219.1
Project("{FAE04EC0-301F-11D3-BF4B-00C04F79EFBC}") = "TwinCAT_Builder", "TwinCAT_Builder\TwinCAT_Builder.csproj", "{9009909C-2799-4293-9DE4-A946A999C893}"
EndProject
Global
	GlobalSection(SolutionConfigurationPlatforms) = preSolution
		Debug|Any CPU = Debug|Any CPU
		Release|Any CPU = Release|Any CPU
	EndGlobalSection
	GlobalSection(ProjectConfigurationPlatforms) = postSolution
		{9009909C-2799-4293-9DE4-A946A999C893}.Debug|Any CPU.ActiveCfg = Debug|Any CPU
		{9009909C-2799-4293-9DE4-A946A999C893}.Debug|Any CPU.Build.0 = Debug|Any CPU
		{9009909C-2799-4293-9DE4-A946A999C893}.Release|Any CPU.ActiveCfg = Release|Any CPU
		{9009909C-2799-4293-9DE4-A946A999C893}.Release|Any CPU.Build.0 = Release|Any CPU
	EndGlobalSection
	GlobalSection(SolutionProperties) = preSolution
		HideSolutionNode = FALSE
	EndGlobalSection
	GlobalSection(ExtensibilityGlobals) = postSolution
		SolutionGuid = {F28E1230-9535-4A29-A915-1B182C3B54B8}
	EndGlobalSection
EndGlobal
